// !$*UTF8*$!
{
	archiveVersion = 1;
	classes = {
	};
	objectVersion = 50;
	objects = {

/* Begin PBXBuildFile section */
		B1E82B7023CF45820080EC59 /* AppDelegate.swift in Sources */ = {isa = PBXBuildFile; fileRef = B1E82B6F23CF45820080EC59 /* AppDelegate.swift */; };
		B1E82B7223CF45820080EC59 /* SceneDelegate.swift in Sources */ = {isa = PBXBuildFile; fileRef = B1E82B7123CF45820080EC59 /* SceneDelegate.swift */; };
		B1E82B7423CF45820080EC59 /* ViewController.swift in Sources */ = {isa = PBXBuildFile; fileRef = B1E82B7323CF45820080EC59 /* ViewController.swift */; };
		B1E82B7723CF45820080EC59 /* Main.storyboard in Resources */ = {isa = PBXBuildFile; fileRef = B1E82B7523CF45820080EC59 /* Main.storyboard */; };
		B1E82B7923CF45870080EC59 /* Assets.xcassets in Resources */ = {isa = PBXBuildFile; fileRef = B1E82B7823CF45870080EC59 /* Assets.xcassets */; };
		B1E82B7C23CF45870080EC59 /* LaunchScreen.storyboard in Resources */ = {isa = PBXBuildFile; fileRef = B1E82B7A23CF45870080EC59 /* LaunchScreen.storyboard */; };
/* End PBXBuildFile section */

/* Begin PBXFileReference section */
		B1E82B6C23CF45820080EC59 /* IlusaKvakusa.app */ = {isa = PBXFileReference; explicitFileType = wrapper.application; includeInIndex = 0; path = IlusaKvakusa.app; sourceTree = BUILT_PRODUCTS_DIR; };
		B1E82B6F23CF45820080EC59 /* AppDelegate.swift */ = {isa = PBXFileReference; lastKnownFileType = sourcecode.swift; path = AppDelegate.swift; sourceTree = "<group>"; };
		B1E82B7123CF45820080EC59 /* SceneDelegate.swift */ = {isa = PBXFileReference; lastKnownFileType = sourcecode.swift; path = SceneDelegate.swift; sourceTree = "<group>"; };
		B1E82B7323CF45820080EC59 /* ViewController.swift */ = {isa = PBXFileReference; lastKnownFileType = sourcecode.swift; path = ViewController.swift; sourceTree = "<group>"; };
		B1E82B7623CF45820080EC59 /* Base */ = {isa = PBXFileReference; lastKnownFileType = file.storyboard; name = Base; path = Base.lproj/Main.storyboard; sourceTree = "<group>"; };
		B1E82B7823CF45870080EC59 /* Assets.xcassets */ = {isa = PBXFileReference; lastKnownFileType = folder.assetcatalog; path = Assets.xcassets; sourceTree = "<group>"; };
		B1E82B7B23CF45870080EC59 /* Base */ = {isa = PBXFileReference; lastKnownFileType = file.storyboard; name = Base; path = Base.lproj/LaunchScreen.storyboard; sourceTree = "<group>"; };
		B1E82B7D23CF45870080EC59 /* Info.plist */ = {isa = PBXFileReference; lastKnownFileType = text.plist.xml; path = Info.plist; sourceTree = "<group>"; };
/* End PBXFileReference section */

/* Begin PBXFrameworksBuildPhase section */
		B1E82B6923CF45820080EC59 /* Frameworks */ = {
			isa = PBXFrameworksBuildPhase;
			buildActionMask = 2147483647;
			files = (
			);
			runOnlyForDeploymentPostprocessing = 0;
		};
/* End PBXFrameworksBuildPhase section */

/* Begin PBXGroup section */
		B1E82B6323CF45820080EC59 = {
			isa = PBXGroup;
			children = (
				B1E82B6E23CF45820080EC59 /* Ilusa */,
				B1E82B6D23CF45820080EC59 /* Products */,
			);
			sourceTree = "<group>";
		};
		B1E82B6D23CF45820080EC59 /* Products */ = {
			isa = PBXGroup;
			children = (
				B1E82B6C23CF45820080EC59 /* IlusaKvakusa.app */,
			);
			name = Products;
			sourceTree = "<group>";
		};
		B1E82B6E23CF45820080EC59 /* Ilusa */ = {
			isa = PBXGroup;
			children = (
				B1E82B6F23CF45820080EC59 /* AppDelegate.swift */,
				B1E82B7123CF45820080EC59 /* SceneDelegate.swift */,
				B1E82B7323CF45820080EC59 /* ViewController.swift */,
				B1E82B7523CF45820080EC59 /* Main.storyboard */,
				B1E82B7823CF45870080EC59 /* Assets.xcassets */,
				B1E82B7A23CF45870080EC59 /* LaunchScreen.storyboard */,
				B1E82B7D23CF45870080EC59 /* Info.plist */,
			);
			path = Ilusa;
			sourceTree = "<group>";
		};
/* End PBXGroup section */

/* Begin PBXNativeTarget section */
		B1E82B6B23CF45820080EC59 /* Ilusa */ = {
			isa = PBXNativeTarget;
			buildConfigurationList = B1E82B8023CF45870080EC59 /* Build configuration list for PBXNativeTarget "Ilusa" */;
			buildPhases = (
				B1E82B6823CF45820080EC59 /* Sources */,
				B1E82B6923CF45820080EC59 /* Frameworks */,
				B1E82B6A23CF45820080EC59 /* Resources */,
			);
			buildRules = (
			);
			dependencies = (
			);
			name = Ilusa;
			productName = Ilusa;
			productReference = B1E82B6C23CF45820080EC59 /* IlusaKvakusa.app */;
			productType = "com.apple.product-type.application";
		};
/* End PBXNativeTarget section */

/* Begin PBXProject section */
		B1E82B6423CF45820080EC59 /* Project object */ = {
			isa = PBXProject;
			attributes = {
				LastSwiftUpdateCheck = 1120;
				LastUpgradeCheck = 1120;
				ORGANIZATIONNAME = "Илья Карлюк";
				TargetAttributes = {
					B1E82B6B23CF45820080EC59 = {
						CreatedOnToolsVersion = 11.2.1;
					};
				};
			};
			buildConfigurationList = B1E82B6723CF45820080EC59 /* Build configuration list for PBXProject "Ilusa" */;
			compatibilityVersion = "Xcode 9.3";
			developmentRegion = en;
			hasScannedForEncodings = 0;
			knownRegions = (
				en,
				Base,
			);
			mainGroup = B1E82B6323CF45820080EC59;
			productRefGroup = B1E82B6D23CF45820080EC59 /* Products */;
			projectDirPath = "";
			projectRoot = "";
			targets = (
				B1E82B6B23CF45820080EC59 /* Ilusa */,
			);
		};
/* End PBXProject section */

/* Begin PBXResourcesBuildPhase section */
		B1E82B6A23CF45820080EC59 /* Resources */ = {
			isa = PBXResourcesBuildPhase;
			buildActionMask = 2147483647;
			files = (
				B1E82B7C23CF45870080EC59 /* LaunchScreen.storyboard in Resources */,
				B1E82B7923CF45870080EC59 /* Assets.xcassets in Resources */,
				B1E82B7723CF45820080EC59 /* Main.storyboard in Resources */,
			);
			runOnlyForDeploymentPostprocessing = 0;
		};
/* End PBXResourcesBuildPhase section */

/* Begin PBXSourcesBuildPhase section */
		B1E82B6823CF45820080EC59 /* Sources */ = {
			isa = PBXSourcesBuildPhase;
			buildActionMask = 2147483647;
			files = (
				B1E82B7423CF45820080EC59 /* ViewController.swift in Sources */,
				B1E82B7023CF45820080EC59 /* AppDelegate.swift in Sources */,
				B1E82B7223CF45820080EC59 /* SceneDelegate.swift in Sources */,
			);
			runOnlyForDeploymentPostprocessing = 0;
		};
/* End PBXSourcesBuildPhase section */

/* Begin PBXVariantGroup section */
		B1E82B7523CF45820080EC59 /* Main.storyboard */ = {
			isa = PBXVariantGroup;
			children = (
				B1E82B7623CF45820080EC59 /* Base */,
			);
			name = Main.storyboard;
			sourceTree = "<group>";
		};
		B1E82B7A23CF45870080EC59 /* LaunchScreen.storyboard */ = {
			isa = PBXVariantGroup;
			children = (
				B1E82B7B23CF45870080EC59 /* Base */,
			);
			name = LaunchScreen.storyboard;
			sourceTree = "<group>";
		};
/* End PBXVariantGroup section */

/* Begin XCBuildConfiguration section */
		B1E82B7E23CF45870080EC59 /* Debug */ = {
			isa = XCBuildConfiguration;
			buildSettings = {
				ALWAYS_SEARCH_USER_PATHS = NO;
				CLANG_ANALYZER_NONNULL = YES;
				CLANG_ANALYZER_NUMBER_OBJECT_CONVERSION = YES_AGGRESSIVE;
				CLANG_CXX_LANGUAGE_STANDARD = "gnu++14";
				CLANG_CXX_LIBRARY = "libc++";
				CLANG_ENABLE_MODULES = YES;
				CLANG_ENABLE_OBJC_ARC = YES;
				CLANG_ENABLE_OBJC_WEAK = YES;
				CLANG_WARN_BLOCK_CAPTURE_AUTORELEASING = YES;
				CLANG_WARN_BOOL_CONVERSION = YES;
				CLANG_WARN_COMMA = YES;
				CLANG_WARN_CONSTANT_CONVERSION = YES;
				CLANG_WARN_DEPRECATED_OBJC_IMPLEMENTATIONS = YES;
				CLANG_WARN_DIRECT_OBJC_ISA_USAGE = YES_ERROR;
				CLANG_WARN_DOCUMENTATION_COMMENTS = YES;
				CLANG_WARN_EMPTY_BODY = YES;
				CLANG_WARN_ENUM_CONVERSION = YES;
				CLANG_WARN_INFINITE_RECURSION = YES;
				CLANG_WARN_INT_CONVERSION = YES;
				CLANG_WARN_NON_LITERAL_NULL_CONVERSION = YES;
				CLANG_WARN_OBJC_IMPLICIT_RETAIN_SELF = YES;
				CLANG_WARN_OBJC_LITERAL_CONVERSION = YES;
				CLANG_WARN_OBJC_ROOT_CLASS = YES_ERROR;
				CLANG_WARN_RANGE_LOOP_ANALYSIS = YES;
				CLANG_WARN_STRICT_PROTOTYPES = YES;
				CLANG_WARN_SUSPICIOUS_MOVE = YES;
				CLANG_WARN_UNGUARDED_AVAILABILITY = YES_AGGRESSIVE;
				CLANG_WARN_UNREACHABLE_CODE = YES;
				CLANG_WARN__DUPLICATE_METHOD_MATCH = YES;
				COPY_PHASE_STRIP = NO;
				DEBUG_INFORMATION_FORMAT = dwarf;
				ENABLE_STRICT_OBJC_MSGSEND = YES;
				ENABLE_TESTABILITY = YES;
				GCC_C_LANGUAGE_STANDARD = gnu11;
				GCC_DYNAMIC_NO_PIC = NO;
				GCC_NO_COMMON_BLOCKS = YES;
				GCC_OPTIMIZATION_LEVEL = 0;
				GCC_PREPROCESSOR_DEFINITIONS = (
					"DEBUG=1",
					"$(inherited)",
				);
				GCC_WARN_64_TO_32_BIT_CONVERSION = YES;
				GCC_WARN_ABOUT_RETURN_TYPE = YES_ERROR;
				GCC_WARN_UNDECLARED_SELECTOR = YES;
				GCC_WARN_UNINITIALIZED_AUTOS = YES_AGGRESSIVE;
				GCC_WARN_UNUSED_FUNCTION = YES;
				GCC_WARN_UNUSED_VARIABLE = YES;
				IPHONEOS_DEPLOYMENT_TARGET = 13.2;
				MTL_ENABLE_DEBUG_INFO = INCLUDE_SOURCE;
				MTL_FAST_MATH = YES;
				ONLY_ACTIVE_ARCH = YES;
				SDKROOT = iphoneos;
				SWIFT_ACTIVE_COMPILATION_CONDITIONS = DEBUG;
				SWIFT_OPTIMIZATION_LEVEL = "-Onone";
			};
			name = Debug;
		};
		B1E82B7F23CF45870080EC59 /* Release */ = {
			isa = XCBuildConfiguration;
			buildSettings = {
				ALWAYS_SEARCH_USER_PATHS = NO;
				CLANG_ANALYZER_NONNULL = YES;
				CLANG_ANALYZER_NUMBER_OBJECT_CONVERSION = YES_AGGRESSIVE;
				CLANG_CXX_LANGUAGE_STANDARD = "gnu++14";
				CLANG_CXX_LIBRARY = "libc++";
				CLANG_ENABLE_MODULES = YES;
				CLANG_ENABLE_OBJC_ARC = YES;
				CLANG_ENABLE_OBJC_WEAK = YES;
				CLANG_WARN_BLOCK_CAPTURE_AUTORELEASING = YES;
				CLANG_WARN_BOOL_CONVERSION = YES;
				CLANG_WARN_COMMA = YES;
				CLANG_WARN_CONSTANT_CONVERSION = YES;
				CLANG_WARN_DEPRECATED_OBJC_IMPLEMENTATIONS = YES;
				CLANG_WARN_DIRECT_OBJC_ISA_USAGE = YES_ERROR;
				CLANG_WARN_DOCUMENTATION_COMMENTS = YES;
				CLANG_WARN_EMPTY_BODY = YES;
				CLANG_WARN_ENUM_CONVERSION = YES;
				CLANG_WARN_INFINITE_RECURSION = YES;
				CLANG_WARN_INT_CONVERSION = YES;
				CLANG_WARN_NON_LITERAL_NULL_CONVERSION = YES;
				CLANG_WARN_OBJC_IMPLICIT_RETAIN_SELF = YES;
				CLANG_WARN_OBJC_LITERAL_CONVERSION = YES;
				CLANG_WARN_OBJC_ROOT_CLASS = YES_ERROR;
				CLANG_WARN_RANGE_LOOP_ANALYSIS = YES;
				CLANG_WARN_STRICT_PROTOTYPES = YES;
				CLANG_WARN_SUSPICIOUS_MOVE = YES;
				CLANG_WARN_UNGUARDED_AVAILABILITY = YES_AGGRESSIVE;
				CLANG_WARN_UNREACHABLE_CODE = YES;
				CLANG_WARN__DUPLICATE_METHOD_MATCH = YES;
				COPY_PHASE_STRIP = NO;
				DEBUG_INFORMATION_FORMAT = "dwarf-with-dsym";
				ENABLE_NS_ASSERTIONS = NO;
				ENABLE_STRICT_OBJC_MSGSEND = YES;
				GCC_C_LANGUAGE_STANDARD = gnu11;
				GCC_NO_COMMON_BLOCKS = YES;
				GCC_WARN_64_TO_32_BIT_CONVERSION = YES;
				GCC_WARN_ABOUT_RETURN_TYPE = YES_ERROR;
				GCC_WARN_UNDECLARED_SELECTOR = YES;
				GCC_WARN_UNINITIALIZED_AUTOS = YES_AGGRESSIVE;
				GCC_WARN_UNUSED_FUNCTION = YES;
				GCC_WARN_UNUSED_VARIABLE = YES;
				IPHONEOS_DEPLOYMENT_TARGET = 13.2;
				MTL_ENABLE_DEBUG_INFO = NO;
				MTL_FAST_MATH = YES;
				SDKROOT = iphoneos;
				SWIFT_COMPILATION_MODE = wholemodule;
				SWIFT_OPTIMIZATION_LEVEL = "-O";
				VALIDATE_PRODUCT = YES;
			};
			name = Release;
		};
		B1E82B8123CF45870080EC59 /* Debug */ = {
			isa = XCBuildConfiguration;
			buildSettings = {
				ASSETCATALOG_COMPILER_APPICON_NAME = AppIcon;
				CODE_SIGN_STYLE = Automatic;
				DEVELOPMENT_TEAM = 52BGS4DNJP;
				INFOPLIST_FILE = Ilusa/Info.plist;
				IPHONEOS_DEPLOYMENT_TARGET = 13.2;
				LD_RUNPATH_SEARCH_PATHS = (
					"$(inherited)",
					"@executable_path/Frameworks",
				);
				PRODUCT_BUNDLE_IDENTIFIER = "-7k.Ilusa";
				PRODUCT_NAME = IlusaKvakusa;
				SWIFT_VERSION = 5.0;
				TARGETED_DEVICE_FAMILY = "1,2";
			};
			name = Debug;
		};
		B1E82B8223CF45870080EC59 /* Release */ = {
			isa = XCBuildConfiguration;
			buildSettings = {
				ASSETCATALOG_COMPILER_APPICON_NAME = AppIcon;
				CODE_SIGN_STYLE = Automatic;
				DEVELOPMENT_TEAM = 52BGS4DNJP;
				INFOPLIST_FILE = Ilusa/Info.plist;
				IPHONEOS_DEPLOYMENT_TARGET = 13.2;
				LD_RUNPATH_SEARCH_PATHS = (
					"$(inherited)",
					"@executable_path/Frameworks",
				);
				PRODUCT_BUNDLE_IDENTIFIER = "-7k.Ilusa";
				PRODUCT_NAME = IlusaKvakusa;
				SWIFT_VERSION = 5.0;
				TARGETED_DEVICE_FAMILY = "1,2";
			};
			name = Release;
		};
/* End XCBuildConfiguration section */

/* Begin XCConfigurationList section */
		B1E82B6723CF45820080EC59 /* Build configuration list for PBXProject "Ilusa" */ = {
			isa = XCConfigurationList;
			buildConfigurations = (
				B1E82B7E23CF45870080EC59 /* Debug */,
				B1E82B7F23CF45870080EC59 /* Release */,
			);
			defaultConfigurationIsVisible = 0;
			defaultConfigurationName = Release;
		};
		B1E82B8023CF45870080EC59 /* Build configuration list for PBXNativeTarget "Ilusa" */ = {
			isa = XCConfigurationList;
			buildConfigurations = (
				B1E82B8123CF45870080EC59 /* Debug */,
				B1E82B8223CF45870080EC59 /* Release */,
			);
			defaultConfigurationIsVisible = 0;
			defaultConfigurationName = Release;
		};
/* End XCConfigurationList section */
	};
	rootObject = B1E82B6423CF45820080EC59 /* Project object */;
}
